
Microsoft Visual Studio Solution File, Format Version 12.00
# Visual Studio Version 17
VisualStudioVersion = 17.4.33205.214
MinimumVisualStudioVersion = 10.0.40219.1
Project("{FAE04EC0-301F-11D3-BF4B-00C04F79EFBC}") = "CabInvoiceGenerator", "CabInvoiceGenerator\CabInvoiceGenerator.csproj", "{A715D707-BF8D-4649-AD5D-9D47ED33A074}"
EndProject
Global
	GlobalSection(SolutionConfigurationPlatforms) = preSolution
		Debug|Any CPU = Debug|Any CPU
		Release|Any CPU = Release|Any CPU
	EndGlobalSection
	GlobalSection(ProjectConfigurationPlatforms) = postSolution
		{A715D707-BF8D-4649-AD5D-9D47ED33A074}.Debug|Any CPU.ActiveCfg = Debug|Any CPU
		{A715D707-BF8D-4649-AD5D-9D47ED33A074}.Debug|Any CPU.Build.0 = Debug|Any CPU
		{A715D707-BF8D-4649-AD5D-9D47ED33A074}.Release|Any CPU.ActiveCfg = Release|Any CPU
		{A715D707-BF8D-4649-AD5D-9D47ED33A074}.Release|Any CPU.Build.0 = Release|Any CPU
	EndGlobalSection
	GlobalSection(SolutionProperties) = preSolution
		HideSolutionNode = FALSE
	EndGlobalSection
	GlobalSection(ExtensibilityGlobals) = postSolution
		SolutionGuid = {D7017B22-C924-4884-86CA-65F431C9D44A}
	EndGlobalSection
EndGlobal
